
Microsoft Visual Studio Solution File, Format Version 12.00
# Visual Studio 15
VisualStudioVersion = 15.0.27004.2006
MinimumVisualStudioVersion = 10.0.40219.1
Project("{FAE04EC0-301F-11D3-BF4B-00C04F79EFBC}") = "Strings1", "Strings1\Strings1.csproj", "{3217EB19-2744-4CC8-B68D-298843C304A5}"
EndProject
Project("{FAE04EC0-301F-11D3-BF4B-00C04F79EFBC}") = "Strings2", "Strings2\Strings2.csproj", "{3FA6CEA6-98FB-4674-8E8F-062957006FE3}"
EndProject
Project("{FAE04EC0-301F-11D3-BF4B-00C04F79EFBC}") = "Strings3", "Strings3\Strings3.csproj", "{77951635-3FA6-4EDC-ADA8-76703608DFA6}"
EndProject
Global
	GlobalSection(SolutionConfigurationPlatforms) = preSolution
		Debug|Any CPU = Debug|Any CPU
		Release|Any CPU = Release|Any CPU
	EndGlobalSection
	GlobalSection(ProjectConfigurationPlatforms) = postSolution
		{3217EB19-2744-4CC8-B68D-298843C304A5}.Debug|Any CPU.ActiveCfg = Debug|Any CPU
		{3217EB19-2744-4CC8-B68D-298843C304A5}.Debug|Any CPU.Build.0 = Debug|Any CPU
		{3217EB19-2744-4CC8-B68D-298843C304A5}.Release|Any CPU.ActiveCfg = Release|Any CPU
		{3217EB19-2744-4CC8-B68D-298843C304A5}.Release|Any CPU.Build.0 = Release|Any CPU
		{3FA6CEA6-98FB-4674-8E8F-062957006FE3}.Debug|Any CPU.ActiveCfg = Debug|Any CPU
		{3FA6CEA6-98FB-4674-8E8F-062957006FE3}.Debug|Any CPU.Build.0 = Debug|Any CPU
		{3FA6CEA6-98FB-4674-8E8F-062957006FE3}.Release|Any CPU.ActiveCfg = Release|Any CPU
		{3FA6CEA6-98FB-4674-8E8F-062957006FE3}.Release|Any CPU.Build.0 = Release|Any CPU
		{77951635-3FA6-4EDC-ADA8-76703608DFA6}.Debug|Any CPU.ActiveCfg = Debug|Any CPU
		{77951635-3FA6-4EDC-ADA8-76703608DFA6}.Debug|Any CPU.Build.0 = Debug|Any CPU
		{77951635-3FA6-4EDC-ADA8-76703608DFA6}.Release|Any CPU.ActiveCfg = Release|Any CPU
		{77951635-3FA6-4EDC-ADA8-76703608DFA6}.Release|Any CPU.Build.0 = Release|Any CPU
	EndGlobalSection
	GlobalSection(SolutionProperties) = preSolution
		HideSolutionNode = FALSE
	EndGlobalSection
	GlobalSection(ExtensibilityGlobals) = postSolution
		SolutionGuid = {C4A2D1A8-F54F-405E-A15B-DD2C1940990A}
	EndGlobalSection
EndGlobal
